Microsoft Visual Studio Solution File, Format Version 12.00
# Visual Studio Version 17
VisualStudioVersion = 17.5.2.0
MinimumVisualStudioVersion = 10.0.40219.1
Project("{2150E333-8FDC-42A3-9474-1A3956D46DE8}") = "Econ-Toolbox-codex-refactor-tool-using-c-and-mvvm", "Econ-Toolbox-codex-refactor-tool-using-c-and-mvvm", "{E80516B7-21AE-D375-9E5C-53D43B97BE05}"
EndProject
Project("{2150E333-8FDC-42A3-9474-1A3956D46DE8}") = "csharp", "csharp", "{7F646491-6591-1584-A379-1629A2F93118}"
EndProject
Project("{FAE04EC0-301F-11D3-BF4B-00C04F79EFBC}") = "EconToolbox.Desktop", "Econ-Toolbox-codex-refactor-tool-using-c-and-mvvm\csharp\EconToolbox.Desktop\EconToolbox.Desktop.csproj", "{9A620767-44B8-F7FB-7E67-6B4A3A6E23C4}"
EndProject
Global
	GlobalSection(SolutionConfigurationPlatforms) = preSolution
		Debug|Any CPU = Debug|Any CPU
		Release|Any CPU = Release|Any CPU
	EndGlobalSection
	GlobalSection(ProjectConfigurationPlatforms) = postSolution
		{9A620767-44B8-F7FB-7E67-6B4A3A6E23C4}.Debug|Any CPU.ActiveCfg = Debug|Any CPU
		{9A620767-44B8-F7FB-7E67-6B4A3A6E23C4}.Debug|Any CPU.Build.0 = Debug|Any CPU
		{9A620767-44B8-F7FB-7E67-6B4A3A6E23C4}.Release|Any CPU.ActiveCfg = Release|Any CPU
		{9A620767-44B8-F7FB-7E67-6B4A3A6E23C4}.Release|Any CPU.Build.0 = Release|Any CPU
	EndGlobalSection
	GlobalSection(SolutionProperties) = preSolution
		HideSolutionNode = FALSE
	EndGlobalSection
	GlobalSection(NestedProjects) = preSolution
		{7F646491-6591-1584-A379-1629A2F93118} = {E80516B7-21AE-D375-9E5C-53D43B97BE05}
		{9A620767-44B8-F7FB-7E67-6B4A3A6E23C4} = {7F646491-6591-1584-A379-1629A2F93118}
	EndGlobalSection
	GlobalSection(ExtensibilityGlobals) = postSolution
		SolutionGuid = {6ED207A3-80E2-4B80-8491-F3C57AC307D4}
	EndGlobalSection
EndGlobal
